// !$*UTF8*$!
{
	archiveVersion = 1;
	classes = {
	};
	objectVersion = 46;
	objects = {

/* Begin PBXBuildFile section */
		DE1338D61D358581002E109B /* Foundation.framework in Frameworks */ = {isa = PBXBuildFile; fileRef = DE8F5DF21D2A4A9400BE7C35 /* Foundation.framework */; };
		DE1338E21D359886002E109B /* GUITypes.swift in Sources */ = {isa = PBXBuildFile; fileRef = DEC3E5CC1D357FA500FB1662 /* GUITypes.swift */; };
		DE2177181D3D0A67000C21B1 /* IOGUI.framework in Frameworks */ = {isa = PBXBuildFile; fileRef = DEC3E5AC1D3579CA00FB1662 /* IOGUI.framework */; };
		DE2E825C1D465749004953A9 /* AppExit.swift in Sources */ = {isa = PBXBuildFile; fileRef = DE2E82481D46571A004953A9 /* AppExit.swift */; };
		DE2E825D1D465749004953A9 /* Application.swift in Sources */ = {isa = PBXBuildFile; fileRef = DE2E82491D46571A004953A9 /* Application.swift */; };
		DE2E825E1D465749004953A9 /* AppWorker.swift in Sources */ = {isa = PBXBuildFile; fileRef = DE2E824A1D46571A004953A9 /* AppWorker.swift */; };
		DE2E825F1D465749004953A9 /* ArgumentParser.swift in Sources */ = {isa = PBXBuildFile; fileRef = DE2E824B1D46571A004953A9 /* ArgumentParser.swift */; };
		DE2E82601D465749004953A9 /* Arguments.swift in Sources */ = {isa = PBXBuildFile; fileRef = DE2E824C1D46571A004953A9 /* Arguments.swift */; };
		DE2E82611D465749004953A9 /* Constants.swift in Sources */ = {isa = PBXBuildFile; fileRef = DE2E824D1D46571A004953A9 /* Constants.swift */; };
		DE2E82621D465749004953A9 /* DynamicLoader.swift in Sources */ = {isa = PBXBuildFile; fileRef = DE2E824E1D46571A004953A9 /* DynamicLoader.swift */; };
		DE2E82631D465749004953A9 /* main.swift in Sources */ = {isa = PBXBuildFile; fileRef = DE2E824F1D46571A004953A9 /* main.swift */; };
		DE2E82641D465749004953A9 /* SignalHandler.swift in Sources */ = {isa = PBXBuildFile; fileRef = DE2E82511D46571A004953A9 /* SignalHandler.swift */; };
		DE3D9A1F1D3964040047785B /* IOIni.framework in Frameworks */ = {isa = PBXBuildFile; fileRef = "_____Product_ini" /* IOIni.framework */; };
		DE654D751D4699B90046066C /* InstallData.c in Sources */ = {isa = PBXBuildFile; fileRef = DE654D681D4699A10046066C /* InstallData.c */; };
		DE654D761D4699C30046066C /* ConfigFile.swift in Sources */ = {isa = PBXBuildFile; fileRef = DE654D671D4699A10046066C /* ConfigFile.swift */; };
		DE654D771D4699C70046066C /* Installer.swift in Sources */ = {isa = PBXBuildFile; fileRef = DE654D6A1D4699A10046066C /* Installer.swift */; };
		DE654D781D469A170046066C /* main.swift in Sources */ = {isa = PBXBuildFile; fileRef = DE654D6D1D4699A10046066C /* main.swift */; };
		DE654D791D469A210046066C /* Constants.swift in Sources */ = {isa = PBXBuildFile; fileRef = DE2E824D1D46571A004953A9 /* Constants.swift */; };
		DE7D5BB61D427B7F00888821 /* Error.swift in Sources */ = {isa = PBXBuildFile; fileRef = DE7D5BB21D427B7F00888821 /* Error.swift */; };
		DE7D5BB81D427B7F00888821 /* parseINI.swift in Sources */ = {isa = PBXBuildFile; fileRef = DE7D5BB51D427B7F00888821 /* parseINI.swift */; };
		DE7D5BC01D4280DD00888821 /* AppHandlers.swift in Sources */ = {isa = PBXBuildFile; fileRef = DE7D5BB91D4280D000888821 /* AppHandlers.swift */; };
		DE7D5BC11D4280E100888821 /* Logger.swift in Sources */ = {isa = PBXBuildFile; fileRef = DE7D5BBA1D4280D000888821 /* Logger.swift */; };
		DE7D5BC51D42860900888821 /* TitleAndFooterWidget.swift in Sources */ = {isa = PBXBuildFile; fileRef = DEB6EC611D376F2E007A1E30 /* TitleAndFooterWidget.swift */; };
		DE892F251D3554E9000EB9D9 /* IORunnerExtension.framework in Frameworks */ = {isa = PBXBuildFile; fileRef = DE9F8EFC1D353BFB006F9B9D /* IORunnerExtension.framework */; };
		DE892F261D3554F2000EB9D9 /* Foundation.framework in Frameworks */ = {isa = PBXBuildFile; fileRef = DE8F5DF21D2A4A9400BE7C35 /* Foundation.framework */; };
		DE8EC3491D3D1A0900C4F522 /* Foundation.framework in Frameworks */ = {isa = PBXBuildFile; fileRef = DE8F5DF21D2A4A9400BE7C35 /* Foundation.framework */; };
		DE8F5DF31D2A4A9400BE7C35 /* Foundation.framework in Frameworks */ = {isa = PBXBuildFile; fileRef = DE8F5DF21D2A4A9400BE7C35 /* Foundation.framework */; };
		DE9F8F151D353C23006F9B9D /* Foundation.framework in Frameworks */ = {isa = PBXBuildFile; fileRef = DE8F5DF21D2A4A9400BE7C35 /* Foundation.framework */; };
		DE9F8F181D353C37006F9B9D /* IORunnerExtension.framework in Frameworks */ = {isa = PBXBuildFile; fileRef = DE9F8EFC1D353BFB006F9B9D /* IORunnerExtension.framework */; };
		DEA356CD1D34D69B00BE6E8E /* IOIni.framework in Frameworks */ = {isa = PBXBuildFile; fileRef = "_____Product_ini" /* IOIni.framework */; settings = {ATTRIBUTES = (Required, ); }; };
		DEB8433C1D452A4600E1AE5B /* AppInfoWidget.swift in Sources */ = {isa = PBXBuildFile; fileRef = DE39C4371D37A2F300A8C020 /* AppInfoWidget.swift */; };
		DEB8433D1D452BDA00E1AE5B /* MenuWidget.swift in Sources */ = {isa = PBXBuildFile; fileRef = DE3379571D36266000D2D6F2 /* MenuWidget.swift */; };
		DEB8433E1D452DCA00E1AE5B /* PopupWidget.swift in Sources */ = {isa = PBXBuildFile; fileRef = DE43E63A1D391FC000886A0B /* PopupWidget.swift */; };
		DEB8433F1D452EC600E1AE5B /* ModulesWidget.swift in Sources */ = {isa = PBXBuildFile; fileRef = DE0EBB7E1D3896BC0036B004 /* ModulesWidget.swift */; };
		DEB843401D45309F00E1AE5B /* BackgroundWidget.swift in Sources */ = {isa = PBXBuildFile; fileRef = DE21771B1D3D0D4B000C21B1 /* BackgroundWidget.swift */; };
		DEB843411D4530CA00E1AE5B /* InputPopupWidget.swift in Sources */ = {isa = PBXBuildFile; fileRef = DE8EC34A1D3D239F00C4F522 /* InputPopupWidget.swift */; };
		DEC3E5C01D357C2000FB1662 /* IOGUI.framework in Frameworks */ = {isa = PBXBuildFile; fileRef = DEC3E5AC1D3579CA00FB1662 /* IOGUI.framework */; };
		DEE47AFE1D3A6A1500D55F92 /* TestHandler.swift in Sources */ = {isa = PBXBuildFile; fileRef = DEE47AFC1D3A6A1100D55F92 /* TestHandler.swift */; };
		DEE47AFF1D3A7D8000D55F92 /* IOIni.framework in Frameworks */ = {isa = PBXBuildFile; fileRef = "_____Product_ini" /* IOIni.framework */; };
		DEF667111D3A4EB700A56CA2 /* Foundation.framework in Frameworks */ = {isa = PBXBuildFile; fileRef = DE8F5DF21D2A4A9400BE7C35 /* Foundation.framework */; };
/* End PBXBuildFile section */

/* Begin PBXContainerItemProxy section */
		DE8EC3471D3D19D600C4F522 /* PBXContainerItemProxy */ = {
			isa = PBXContainerItemProxy;
			containerPortal = __RootObject_ /* Project object */;
			proxyType = 1;
			remoteGlobalIDString = DEC3E5AB1D3579CA00FB1662;
			remoteInfo = IOGUI;
		};
		DE9F8F161D353C33006F9B9D /* PBXContainerItemProxy */ = {
			isa = PBXContainerItemProxy;
			containerPortal = __RootObject_ /* Project object */;
			proxyType = 1;
			remoteGlobalIDString = DE9F8EFB1D353BFB006F9B9D;
			remoteInfo = ProcessCheckerExtension;
		};
		DEA356CB1D34D69600BE6E8E /* PBXContainerItemProxy */ = {
			isa = PBXContainerItemProxy;
			containerPortal = __RootObject_ /* Project object */;
			proxyType = 1;
			remoteGlobalIDString = "______Target_ini";
			remoteInfo = ini;
		};
		DEC3E5C11D357C2400FB1662 /* PBXContainerItemProxy */ = {
			isa = PBXContainerItemProxy;
			containerPortal = __RootObject_ /* Project object */;
			proxyType = 1;
			remoteGlobalIDString = DEC3E5AB1D3579CA00FB1662;
			remoteInfo = CNCURSES;
		};
/* End PBXContainerItemProxy section */

/* Begin PBXFileReference section */
		DE0EBB7E1D3896BC0036B004 /* ModulesWidget.swift */ = {isa = PBXFileReference; fileEncoding = 4; lastKnownFileType = sourcecode.swift; name = ModulesWidget.swift; path = IOGUI/ModulesWidget.swift; sourceTree = "<group>"; };
		DE1338DF1D3597D6002E109B /* IOGUI-Bridging-Header.h */ = {isa = PBXFileReference; fileEncoding = 4; lastKnownFileType = sourcecode.c.h; name = "IOGUI-Bridging-Header.h"; path = "IOGUI/IOGUI-Bridging-Header.h"; sourceTree = "<group>"; };
		DE2177111D3D0A4B000C21B1 /* IORunnerInstaller */ = {isa = PBXFileReference; explicitFileType = "compiled.mach-o.executable"; includeInIndex = 0; path = IORunnerInstaller; sourceTree = BUILT_PRODUCTS_DIR; };
		DE21771B1D3D0D4B000C21B1 /* BackgroundWidget.swift */ = {isa = PBXFileReference; fileEncoding = 4; lastKnownFileType = sourcecode.swift; name = BackgroundWidget.swift; path = IOGUI/BackgroundWidget.swift; sourceTree = "<group>"; };
		DE2E82481D46571A004953A9 /* AppExit.swift */ = {isa = PBXFileReference; fileEncoding = 4; lastKnownFileType = sourcecode.swift; name = AppExit.swift; path = IORunnerBin/AppExit.swift; sourceTree = SOURCE_ROOT; };
		DE2E82491D46571A004953A9 /* Application.swift */ = {isa = PBXFileReference; fileEncoding = 4; lastKnownFileType = sourcecode.swift; name = Application.swift; path = IORunnerBin/Application.swift; sourceTree = SOURCE_ROOT; };
		DE2E824A1D46571A004953A9 /* AppWorker.swift */ = {isa = PBXFileReference; fileEncoding = 4; lastKnownFileType = sourcecode.swift; name = AppWorker.swift; path = IORunnerBin/AppWorker.swift; sourceTree = SOURCE_ROOT; };
		DE2E824B1D46571A004953A9 /* ArgumentParser.swift */ = {isa = PBXFileReference; fileEncoding = 4; lastKnownFileType = sourcecode.swift; name = ArgumentParser.swift; path = IORunnerBin/ArgumentParser.swift; sourceTree = SOURCE_ROOT; };
		DE2E824C1D46571A004953A9 /* Arguments.swift */ = {isa = PBXFileReference; fileEncoding = 4; lastKnownFileType = sourcecode.swift; name = Arguments.swift; path = IORunnerBin/Arguments.swift; sourceTree = SOURCE_ROOT; };
		DE2E824D1D46571A004953A9 /* Constants.swift */ = {isa = PBXFileReference; fileEncoding = 4; lastKnownFileType = sourcecode.swift; name = Constants.swift; path = IORunnerBin/Constants.swift; sourceTree = SOURCE_ROOT; };
		DE2E824E1D46571A004953A9 /* DynamicLoader.swift */ = {isa = PBXFileReference; fileEncoding = 4; lastKnownFileType = sourcecode.swift; name = DynamicLoader.swift; path = IORunnerBin/DynamicLoader.swift; sourceTree = SOURCE_ROOT; };
		DE2E824F1D46571A004953A9 /* main.swift */ = {isa = PBXFileReference; fileEncoding = 4; lastKnownFileType = sourcecode.swift; name = main.swift; path = IORunnerBin/main.swift; sourceTree = SOURCE_ROOT; };
		DE2E82501D46571A004953A9 /* Makefile */ = {isa = PBXFileReference; fileEncoding = 4; lastKnownFileType = sourcecode.make; name = Makefile; path = IORunnerBin/Makefile; sourceTree = SOURCE_ROOT; };
		DE2E82511D46571A004953A9 /* SignalHandler.swift */ = {isa = PBXFileReference; fileEncoding = 4; lastKnownFileType = sourcecode.swift; name = SignalHandler.swift; path = IORunnerBin/SignalHandler.swift; sourceTree = SOURCE_ROOT; };
		DE3379571D36266000D2D6F2 /* MenuWidget.swift */ = {isa = PBXFileReference; fileEncoding = 4; lastKnownFileType = sourcecode.swift; name = MenuWidget.swift; path = IOGUI/MenuWidget.swift; sourceTree = "<group>"; };
		DE39C4371D37A2F300A8C020 /* AppInfoWidget.swift */ = {isa = PBXFileReference; fileEncoding = 4; lastKnownFileType = sourcecode.swift; name = AppInfoWidget.swift; path = IOGUI/AppInfoWidget.swift; sourceTree = "<group>"; };
		DE43E63A1D391FC000886A0B /* PopupWidget.swift */ = {isa = PBXFileReference; fileEncoding = 4; lastKnownFileType = sourcecode.swift; name = PopupWidget.swift; path = IOGUI/PopupWidget.swift; sourceTree = "<group>"; };
		DE5ECB631D423F3600C06781 /* Project.xcconfig */ = {isa = PBXFileReference; lastKnownFileType = text.xcconfig; name = Project.xcconfig; path = IORunner.xcodeproj/Configs/Project.xcconfig; sourceTree = "<group>"; };
		DE654D671D4699A10046066C /* ConfigFile.swift */ = {isa = PBXFileReference; fileEncoding = 4; lastKnownFileType = sourcecode.swift; name = ConfigFile.swift; path = IORunnerInstaller/ConfigFile.swift; sourceTree = SOURCE_ROOT; };
		DE654D681D4699A10046066C /* InstallData.c */ = {isa = PBXFileReference; fileEncoding = 4; lastKnownFileType = sourcecode.c.c; name = InstallData.c; path = IORunnerInstaller/InstallData.c; sourceTree = SOURCE_ROOT; };
		DE654D691D4699A10046066C /* InstallData.h */ = {isa = PBXFileReference; fileEncoding = 4; lastKnownFileType = sourcecode.c.h; name = InstallData.h; path = IORunnerInstaller/InstallData.h; sourceTree = SOURCE_ROOT; };
		DE654D6A1D4699A10046066C /* Installer.swift */ = {isa = PBXFileReference; fileEncoding = 4; lastKnownFileType = sourcecode.swift; name = Installer.swift; path = IORunnerInstaller/Installer.swift; sourceTree = SOURCE_ROOT; };
		DE654D6B1D4699A10046066C /* IORunnerInstaller-Bridging-Header.h */ = {isa = PBXFileReference; fileEncoding = 4; lastKnownFileType = sourcecode.c.h; name = "IORunnerInstaller-Bridging-Header.h"; path = "IORunnerInstaller/IORunnerInstaller-Bridging-Header.h"; sourceTree = SOURCE_ROOT; };
		DE654D6D1D4699A10046066C /* main.swift */ = {isa = PBXFileReference; fileEncoding = 4; lastKnownFileType = sourcecode.swift; name = main.swift; path = IORunnerInstaller/main.swift; sourceTree = SOURCE_ROOT; };
		DE654D6E1D4699A10046066C /* Makefile */ = {isa = PBXFileReference; fileEncoding = 4; lastKnownFileType = sourcecode.make; name = Makefile; path = IORunnerInstaller/Makefile; sourceTree = SOURCE_ROOT; };
		DE7D5BB21D427B7F00888821 /* Error.swift */ = {isa = PBXFileReference; fileEncoding = 4; lastKnownFileType = sourcecode.swift; name = Error.swift; path = IOIni/Error.swift; sourceTree = "<group>"; };
		DE7D5BB31D427B7F00888821 /* Makefile */ = {isa = PBXFileReference; fileEncoding = 4; lastKnownFileType = sourcecode.make; name = Makefile; path = IOIni/Makefile; sourceTree = "<group>"; };
		DE7D5BB41D427B7F00888821 /* module.modulemap */ = {isa = PBXFileReference; fileEncoding = 4; lastKnownFileType = "sourcecode.module-map"; name = module.modulemap; path = IOIni/module.modulemap; sourceTree = "<group>"; };
		DE7D5BB51D427B7F00888821 /* parseINI.swift */ = {isa = PBXFileReference; fileEncoding = 4; lastKnownFileType = sourcecode.swift; name = parseINI.swift; path = IOIni/parseINI.swift; sourceTree = "<group>"; };
		DE7D5BB91D4280D000888821 /* AppHandlers.swift */ = {isa = PBXFileReference; fileEncoding = 4; lastKnownFileType = sourcecode.swift; name = AppHandlers.swift; path = IORunnerExtension/AppHandlers.swift; sourceTree = SOURCE_ROOT; };
		DE7D5BBA1D4280D000888821 /* Logger.swift */ = {isa = PBXFileReference; fileEncoding = 4; lastKnownFileType = sourcecode.swift; name = Logger.swift; path = IORunnerExtension/Logger.swift; sourceTree = SOURCE_ROOT; };
		DE7D5BBB1D4280D000888821 /* Makefile */ = {isa = PBXFileReference; fileEncoding = 4; lastKnownFileType = sourcecode.make; name = Makefile; path = IORunnerExtension/Makefile; sourceTree = SOURCE_ROOT; };
		DE7D5BBC1D4280D000888821 /* module.modulemap */ = {isa = PBXFileReference; fileEncoding = 4; lastKnownFileType = "sourcecode.module-map"; name = module.modulemap; path = IORunnerExtension/module.modulemap; sourceTree = SOURCE_ROOT; };
		DE7D5BC21D42854200888821 /* Makefile */ = {isa = PBXFileReference; fileEncoding = 4; lastKnownFileType = sourcecode.make; name = Makefile; path = IOGUI/Makefile; sourceTree = "<group>"; };
		DE7D5BC31D42854200888821 /* module.modulemap */ = {isa = PBXFileReference; fileEncoding = 4; lastKnownFileType = "sourcecode.module-map"; name = module.modulemap; path = IOGUI/module.modulemap; sourceTree = "<group>"; };
		DE8EC34A1D3D239F00C4F522 /* InputPopupWidget.swift */ = {isa = PBXFileReference; fileEncoding = 4; lastKnownFileType = sourcecode.swift; name = InputPopupWidget.swift; path = IOGUI/InputPopupWidget.swift; sourceTree = "<group>"; };
		DE8F5DF01D2A47E400BE7C35 /* IORunner.playground */ = {isa = PBXFileReference; lastKnownFileType = file.playground; path = IORunner.playground; sourceTree = "<group>"; };
		DE8F5DF21D2A4A9400BE7C35 /* Foundation.framework */ = {isa = PBXFileReference; lastKnownFileType = wrapper.framework; name = Foundation.framework; path = System/Library/Frameworks/Foundation.framework; sourceTree = SDKROOT; };
		DE9F8EFC1D353BFB006F9B9D /* IORunnerExtension.framework */ = {isa = PBXFileReference; explicitFileType = wrapper.framework; includeInIndex = 0; path = IORunnerExtension.framework; sourceTree = BUILT_PRODUCTS_DIR; };
		DEA356EC1D34EFB600BE6E8E /* libTestHandler.dylib */ = {isa = PBXFileReference; explicitFileType = "compiled.mach-o.dylib"; includeInIndex = 0; path = libTestHandler.dylib; sourceTree = BUILT_PRODUCTS_DIR; };
		DEB6EC611D376F2E007A1E30 /* TitleAndFooterWidget.swift */ = {isa = PBXFileReference; fileEncoding = 4; lastKnownFileType = sourcecode.swift; name = TitleAndFooterWidget.swift; path = IOGUI/TitleAndFooterWidget.swift; sourceTree = "<group>"; };
		DEC3E5AC1D3579CA00FB1662 /* IOGUI.framework */ = {isa = PBXFileReference; explicitFileType = wrapper.framework; includeInIndex = 0; path = IOGUI.framework; sourceTree = BUILT_PRODUCTS_DIR; };
		DEC3E5CC1D357FA500FB1662 /* GUITypes.swift */ = {isa = PBXFileReference; fileEncoding = 4; lastKnownFileType = sourcecode.swift; name = GUITypes.swift; path = IOGUI/GUITypes.swift; sourceTree = "<group>"; };
		DEE47AFC1D3A6A1100D55F92 /* TestHandler.swift */ = {isa = PBXFileReference; fileEncoding = 4; lastKnownFileType = sourcecode.swift; name = TestHandler.swift; path = Extensions/TestHandler/TestHandler.swift; sourceTree = "<group>"; };
		"_____Product_BouncyProcessChecker" /* IORunner */ = {isa = PBXFileReference; explicitFileType = "compiled.mach-o.executable"; path = IORunner; sourceTree = BUILT_PRODUCTS_DIR; };
		"_____Product_ini" /* IOIni.framework */ = {isa = PBXFileReference; explicitFileType = wrapper.framework; path = IOIni.framework; sourceTree = BUILT_PRODUCTS_DIR; };
/* End PBXFileReference section */

/* Begin PBXFrameworksBuildPhase section */
		DE21770E1D3D0A4B000C21B1 /* Frameworks */ = {
			isa = PBXFrameworksBuildPhase;
			buildActionMask = 2147483647;
			files = (
				DE8EC3491D3D1A0900C4F522 /* Foundation.framework in Frameworks */,
				DE2177181D3D0A67000C21B1 /* IOGUI.framework in Frameworks */,
			);
			runOnlyForDeploymentPostprocessing = 0;
		};
		DE9F8EF81D353BFB006F9B9D /* Frameworks */ = {
			isa = PBXFrameworksBuildPhase;
			buildActionMask = 2147483647;
			files = (
				DE3D9A1F1D3964040047785B /* IOIni.framework in Frameworks */,
				DE9F8F151D353C23006F9B9D /* Foundation.framework in Frameworks */,
			);
			runOnlyForDeploymentPostprocessing = 0;
		};
		DEA356E91D34EFB600BE6E8E /* Frameworks */ = {
			isa = PBXFrameworksBuildPhase;
			buildActionMask = 2147483647;
			files = (
				DEE47AFF1D3A7D8000D55F92 /* IOIni.framework in Frameworks */,
				DE892F261D3554F2000EB9D9 /* Foundation.framework in Frameworks */,
				DE892F251D3554E9000EB9D9 /* IORunnerExtension.framework in Frameworks */,
			);
			runOnlyForDeploymentPostprocessing = 0;
		};
		DEC3E5A81D3579CA00FB1662 /* Frameworks */ = {
			isa = PBXFrameworksBuildPhase;
			buildActionMask = 2147483647;
			files = (
				DE1338D61D358581002E109B /* Foundation.framework in Frameworks */,
			);
			runOnlyForDeploymentPostprocessing = 0;
		};
		"___LinkPhase_BouncyProcessChecker" /* Frameworks */ = {
			isa = PBXFrameworksBuildPhase;
			buildActionMask = 0;
			files = (
				DEC3E5C01D357C2000FB1662 /* IOGUI.framework in Frameworks */,
				DE9F8F181D353C37006F9B9D /* IORunnerExtension.framework in Frameworks */,
				DE8F5DF31D2A4A9400BE7C35 /* Foundation.framework in Frameworks */,
				DEA356CD1D34D69B00BE6E8E /* IOIni.framework in Frameworks */,
			);
			runOnlyForDeploymentPostprocessing = 0;
		};
		"___LinkPhase_ini" /* Frameworks */ = {
			isa = PBXFrameworksBuildPhase;
			buildActionMask = 0;
			files = (
				DEF667111D3A4EB700A56CA2 /* Foundation.framework in Frameworks */,
			);
			runOnlyForDeploymentPostprocessing = 0;
		};
/* End PBXFrameworksBuildPhase section */

/* Begin PBXGroup section */
		DE13FD0B1D34C357001298DF /* IORunner */ = {
			isa = PBXGroup;
			children = (
				DE2E82501D46571A004953A9 /* Makefile */,
				DE2E82481D46571A004953A9 /* AppExit.swift */,
				DE2E82491D46571A004953A9 /* Application.swift */,
				DE2E824A1D46571A004953A9 /* AppWorker.swift */,
				DE2E824B1D46571A004953A9 /* ArgumentParser.swift */,
				DE2E824C1D46571A004953A9 /* Arguments.swift */,
				DE2E824D1D46571A004953A9 /* Constants.swift */,
				DE2E824E1D46571A004953A9 /* DynamicLoader.swift */,
				DE2E824F1D46571A004953A9 /* main.swift */,
				DE2E82511D46571A004953A9 /* SignalHandler.swift */,
			);
			name = IORunner;
			path = IOProcessChecker;
			sourceTree = "<group>";
		};
		DE2177121D3D0A4B000C21B1 /* IORunnerInstaller */ = {
			isa = PBXGroup;
			children = (
				DE654D6E1D4699A10046066C /* Makefile */,
				DE654D6B1D4699A10046066C /* IORunnerInstaller-Bridging-Header.h */,
				DE654D691D4699A10046066C /* InstallData.h */,
				DE654D681D4699A10046066C /* InstallData.c */,
				DE654D671D4699A10046066C /* ConfigFile.swift */,
				DE654D6A1D4699A10046066C /* Installer.swift */,
				DE654D6D1D4699A10046066C /* main.swift */,
			);
			name = IORunnerInstaller;
			path = IOProcessCheckerInstaller;
			sourceTree = "<group>";
		};
		DE43E6331D391FA100886A0B /* IOIni */ = {
			isa = PBXGroup;
			children = (
				DE7D5BB31D427B7F00888821 /* Makefile */,
				DE7D5BB41D427B7F00888821 /* module.modulemap */,
				DE7D5BB21D427B7F00888821 /* Error.swift */,
				DE7D5BB51D427B7F00888821 /* parseINI.swift */,
			);
			name = IOIni;
			sourceTree = "<group>";
		};
		DE8F5DF11D2A4A9400BE7C35 /* Frameworks */ = {
			isa = PBXGroup;
			children = (
				DE8F5DF21D2A4A9400BE7C35 /* Foundation.framework */,
			);
			name = Frameworks;
			sourceTree = "<group>";
		};
		DE9F8EFD1D353BFB006F9B9D /* IORunnerExtension */ = {
			isa = PBXGroup;
			children = (
				DE7D5BBB1D4280D000888821 /* Makefile */,
				DE7D5BBC1D4280D000888821 /* module.modulemap */,
				DE7D5BB91D4280D000888821 /* AppHandlers.swift */,
				DE7D5BBA1D4280D000888821 /* Logger.swift */,
			);
			name = IORunnerExtension;
			path = ProcessCheckerExtension;
			sourceTree = "<group>";
		};
		DEC3E5CB1D357F9200FB1662 /* IOGUI */ = {
			isa = PBXGroup;
			children = (
				DE7D5BC21D42854200888821 /* Makefile */,
				DE7D5BC31D42854200888821 /* module.modulemap */,
				DE1338DF1D3597D6002E109B /* IOGUI-Bridging-Header.h */,
				DEC3E5CC1D357FA500FB1662 /* GUITypes.swift */,
				DE3379571D36266000D2D6F2 /* MenuWidget.swift */,
				DEB6EC611D376F2E007A1E30 /* TitleAndFooterWidget.swift */,
				DE39C4371D37A2F300A8C020 /* AppInfoWidget.swift */,
				DE0EBB7E1D3896BC0036B004 /* ModulesWidget.swift */,
				DE43E63A1D391FC000886A0B /* PopupWidget.swift */,
				DE21771B1D3D0D4B000C21B1 /* BackgroundWidget.swift */,
				DE8EC34A1D3D239F00C4F522 /* InputPopupWidget.swift */,
			);
			name = IOGUI;
			sourceTree = "<group>";
		};
		DEE47AFA1D3A69F700D55F92 /* Extensions */ = {
			isa = PBXGroup;
			children = (
				DEE47AFB1D3A6A0400D55F92 /* TestHandler */,
			);
			name = Extensions;
			sourceTree = "<group>";
		};
		DEE47AFB1D3A6A0400D55F92 /* TestHandler */ = {
			isa = PBXGroup;
			children = (
				DEE47AFC1D3A6A1100D55F92 /* TestHandler.swift */,
			);
			name = TestHandler;
			sourceTree = "<group>";
		};
		"___RootGroup_" = {
			isa = PBXGroup;
			children = (
				DE8F5DF01D2A47E400BE7C35 /* IORunner.playground */,
				"_____Configs_" /* Configs */,
				"_____Sources_" /* Sources */,
				DE9F8EFD1D353BFB006F9B9D /* IORunnerExtension */,
				DEC3E5CB1D357F9200FB1662 /* IOGUI */,
				DE43E6331D391FA100886A0B /* IOIni */,
				DEE47AFA1D3A69F700D55F92 /* Extensions */,
				DE2177121D3D0A4B000C21B1 /* IORunnerInstaller */,
				"____Products_" /* Products */,
				DE8F5DF11D2A4A9400BE7C35 /* Frameworks */,
			);
			sourceTree = "<group>";
		};
		"____Products_" /* Products */ = {
			isa = PBXGroup;
			children = (
				"_____Product_ini" /* IOIni.framework */,
				"_____Product_BouncyProcessChecker" /* IORunner */,
				DEA356EC1D34EFB600BE6E8E /* libTestHandler.dylib */,
				DE9F8EFC1D353BFB006F9B9D /* IORunnerExtension.framework */,
				DEC3E5AC1D3579CA00FB1662 /* IOGUI.framework */,
				DE2177111D3D0A4B000C21B1 /* IORunnerInstaller */,
			);
			name = Products;
			sourceTree = "<group>";
		};
		"_____Configs_" /* Configs */ = {
			isa = PBXGroup;
			children = (
				DE5ECB631D423F3600C06781 /* Project.xcconfig */,
			);
			name = Configs;
			sourceTree = "<group>";
		};
		"_____Sources_" /* Sources */ = {
			isa = PBXGroup;
			children = (
				DE13FD0B1D34C357001298DF /* IORunner */,
			);
			name = Sources;
			sourceTree = "<group>";
		};
/* End PBXGroup section */

/* Begin PBXHeadersBuildPhase section */
		DE9F8EF91D353BFB006F9B9D /* Headers */ = {
			isa = PBXHeadersBuildPhase;
			buildActionMask = 2147483647;
			files = (
			);
			runOnlyForDeploymentPostprocessing = 0;
		};
		DEA356EA1D34EFB600BE6E8E /* Headers */ = {
			isa = PBXHeadersBuildPhase;
			buildActionMask = 2147483647;
			files = (
			);
			runOnlyForDeploymentPostprocessing = 0;
		};
		DEC3E5A91D3579CA00FB1662 /* Headers */ = {
			isa = PBXHeadersBuildPhase;
			buildActionMask = 2147483647;
			files = (
			);
			runOnlyForDeploymentPostprocessing = 0;
		};
/* End PBXHeadersBuildPhase section */

/* Begin PBXNativeTarget section */
		DE2177101D3D0A4B000C21B1 /* IORunnerInstaller */ = {
			isa = PBXNativeTarget;
			buildConfigurationList = DE2177171D3D0A4B000C21B1 /* Build configuration list for PBXNativeTarget "IORunnerInstaller" */;
			buildPhases = (
				DE21770D1D3D0A4B000C21B1 /* Sources */,
				DE21770E1D3D0A4B000C21B1 /* Frameworks */,
			);
			buildRules = (
			);
			dependencies = (
				DE8EC3481D3D19D600C4F522 /* PBXTargetDependency */,
			);
			name = IORunnerInstaller;
			productName = IOProcessCheckerInstaller;
			productReference = DE2177111D3D0A4B000C21B1 /* IORunnerInstaller */;
			productType = "com.apple.product-type.tool";
		};
		DE9F8EFB1D353BFB006F9B9D /* IORunnerExtension */ = {
			isa = PBXNativeTarget;
			buildConfigurationList = DE9F8F0D1D353BFB006F9B9D /* Build configuration list for PBXNativeTarget "IORunnerExtension" */;
			buildPhases = (
				DE9F8EF71D353BFB006F9B9D /* Sources */,
				DE9F8EF81D353BFB006F9B9D /* Frameworks */,
				DE9F8EF91D353BFB006F9B9D /* Headers */,
				DE9F8EFA1D353BFB006F9B9D /* Resources */,
			);
			buildRules = (
			);
			dependencies = (
			);
			name = IORunnerExtension;
			productName = ProcessCheckerExtension;
			productReference = DE9F8EFC1D353BFB006F9B9D /* IORunnerExtension.framework */;
			productType = "com.apple.product-type.framework";
		};
		DEA356EB1D34EFB600BE6E8E /* TestHandler */ = {
			isa = PBXNativeTarget;
			buildConfigurationList = DEA356ED1D34EFB600BE6E8E /* Build configuration list for PBXNativeTarget "TestHandler" */;
			buildPhases = (
				DEA356E81D34EFB600BE6E8E /* Sources */,
				DEA356E91D34EFB600BE6E8E /* Frameworks */,
				DEA356EA1D34EFB600BE6E8E /* Headers */,
				DE892F1E1D354A03000EB9D9 /* ShellScript */,
			);
			buildRules = (
			);
			dependencies = (
			);
			name = TestHandler;
			productName = TestHandler;
			productReference = DEA356EC1D34EFB600BE6E8E /* libTestHandler.dylib */;
			productType = "com.apple.product-type.library.dynamic";
		};
		DEC3E5AB1D3579CA00FB1662 /* IOGUI */ = {
			isa = PBXNativeTarget;
			buildConfigurationList = DEC3E5B11D3579CA00FB1662 /* Build configuration list for PBXNativeTarget "IOGUI" */;
			buildPhases = (
				DEC3E5A71D3579CA00FB1662 /* Sources */,
				DEC3E5A81D3579CA00FB1662 /* Frameworks */,
				DEC3E5A91D3579CA00FB1662 /* Headers */,
			);
			buildRules = (
			);
			dependencies = (
			);
			name = IOGUI;
			productName = CNCURSES;
			productReference = DEC3E5AC1D3579CA00FB1662 /* IOGUI.framework */;
			productType = "com.apple.product-type.framework";
		};
		"______Target_BouncyProcessChecker" /* IORunner */ = {
			isa = PBXNativeTarget;
			buildConfigurationList = "_______Confs_BouncyProcessChecker" /* Build configuration list for PBXNativeTarget "IORunner" */;
			buildPhases = (
				CompilePhase_BouncyProcessChecker /* Sources */,
				"___LinkPhase_BouncyProcessChecker" /* Frameworks */,
			);
			buildRules = (
			);
			dependencies = (
				DEA356CC1D34D69600BE6E8E /* PBXTargetDependency */,
				DE9F8F171D353C33006F9B9D /* PBXTargetDependency */,
				DEC3E5C21D357C2400FB1662 /* PBXTargetDependency */,
			);
			name = IORunner;
			productName = BouncyProcessChecker;
			productReference = "_____Product_BouncyProcessChecker" /* IORunner */;
			productType = "com.apple.product-type.tool";
		};
		"______Target_ini" /* IOIni */ = {
			isa = PBXNativeTarget;
			buildConfigurationList = "_______Confs_ini" /* Build configuration list for PBXNativeTarget "IOIni" */;
			buildPhases = (
				CompilePhase_ini /* Sources */,
				"___LinkPhase_ini" /* Frameworks */,
			);
			buildRules = (
			);
			dependencies = (
			);
			name = IOIni;
			productName = ini;
			productReference = "_____Product_ini" /* IOIni.framework */;
			productType = "com.apple.product-type.framework";
		};
/* End PBXNativeTarget section */

/* Begin PBXProject section */
		__RootObject_ /* Project object */ = {
			isa = PBXProject;
			attributes = {
				LastSwiftUpdateCheck = 0800;
				LastUpgradeCheck = 9999;
				TargetAttributes = {
					DE2177101D3D0A4B000C21B1 = {
						CreatedOnToolsVersion = 8.0;
						DevelopmentTeam = 84AJTB523T;
						DevelopmentTeamName = "ALTEK BILGI TEKNOLOJILERI DANISMANLIK VE DIS TICARET A S";
						ProvisioningStyle = Automatic;
					};
					DE9F8EFB1D353BFB006F9B9D = {
						CreatedOnToolsVersion = 8.0;
						DevelopmentTeam = 84AJTB523T;
						DevelopmentTeamName = "ALTEK BILGI TEKNOLOJILERI DANISMANLIK VE DIS TICARET A S";
						ProvisioningStyle = Automatic;
					};
					DEA356EB1D34EFB600BE6E8E = {
						CreatedOnToolsVersion = 8.0;
						DevelopmentTeam = 84AJTB523T;
						DevelopmentTeamName = "ALTEK BILGI TEKNOLOJILERI DANISMANLIK VE DIS TICARET A S";
						ProvisioningStyle = Automatic;
					};
					DEC3E5AB1D3579CA00FB1662 = {
						CreatedOnToolsVersion = 8.0;
						DevelopmentTeam = 84AJTB523T;
						DevelopmentTeamName = "ALTEK BILGI TEKNOLOJILERI DANISMANLIK VE DIS TICARET A S";
						LastSwiftMigration = 0800;
						ProvisioningStyle = Automatic;
					};
					"______Target_ini" = {
						LastSwiftMigration = 0800;
					};
				};
			};
			buildConfigurationList = "___RootConfs_" /* Build configuration list for PBXProject "IORunner" */;
			compatibilityVersion = "Xcode 3.2";
			developmentRegion = English;
			hasScannedForEncodings = 0;
			knownRegions = (
				en,
			);
			mainGroup = "___RootGroup_";
			productRefGroup = "____Products_" /* Products */;
			projectDirPath = "";
			projectRoot = "";
			targets = (
				"______Target_ini" /* IOIni */,
				"______Target_BouncyProcessChecker" /* IORunner */,
				DEA356EB1D34EFB600BE6E8E /* TestHandler */,
				DE9F8EFB1D353BFB006F9B9D /* IORunnerExtension */,
				DEC3E5AB1D3579CA00FB1662 /* IOGUI */,
				DE2177101D3D0A4B000C21B1 /* IORunnerInstaller */,
			);
		};
/* End PBXProject section */

/* Begin PBXResourcesBuildPhase section */
		DE9F8EFA1D353BFB006F9B9D /* Resources */ = {
			isa = PBXResourcesBuildPhase;
			buildActionMask = 2147483647;
			files = (
			);
			runOnlyForDeploymentPostprocessing = 0;
		};
/* End PBXResourcesBuildPhase section */

/* Begin PBXShellScriptBuildPhase section */
		DE892F1E1D354A03000EB9D9 /* ShellScript */ = {
			isa = PBXShellScriptBuildPhase;
			buildActionMask = 2147483647;
			files = (
			);
			inputPaths = (
			);
			outputPaths = (
			);
			runOnlyForDeploymentPostprocessing = 0;
			shellPath = /bin/sh;
			shellScript = "\nLIBRARY_NAME=\"${EXECUTABLE_PREFIX}${PRODUCT_NAME}.${EXECUTABLE_EXTENSION}\"\nLIBRARY_SOURCE_PATH=\"${CONFIGURATION_BUILD_DIR}/${LIBRARY_NAME}\"\nLIBRARY_DESTINATION_DIR=\"${SRCROOT}/../extensions/available\"\n\ncp $LIBRARY_SOURCE_PATH $LIBRARY_DESTINATION_DIR";
			showEnvVarsInLog = 0;
		};
/* End PBXShellScriptBuildPhase section */

/* Begin PBXSourcesBuildPhase section */
		CompilePhase_BouncyProcessChecker /* Sources */ = {
			isa = PBXSourcesBuildPhase;
			buildActionMask = 0;
			files = (
				DE2E82621D465749004953A9 /* DynamicLoader.swift in Sources */,
				DE2E82601D465749004953A9 /* Arguments.swift in Sources */,
				DE2E82631D465749004953A9 /* main.swift in Sources */,
				DE2E825D1D465749004953A9 /* Application.swift in Sources */,
				DE2E82641D465749004953A9 /* SignalHandler.swift in Sources */,
				DE2E825E1D465749004953A9 /* AppWorker.swift in Sources */,
				DE2E825C1D465749004953A9 /* AppExit.swift in Sources */,
				DE2E825F1D465749004953A9 /* ArgumentParser.swift in Sources */,
				DE2E82611D465749004953A9 /* Constants.swift in Sources */,
			);
			runOnlyForDeploymentPostprocessing = 0;
		};
		CompilePhase_ini /* Sources */ = {
			isa = PBXSourcesBuildPhase;
			buildActionMask = 0;
			files = (
				DE7D5BB81D427B7F00888821 /* parseINI.swift in Sources */,
				DE7D5BB61D427B7F00888821 /* Error.swift in Sources */,
			);
			runOnlyForDeploymentPostprocessing = 0;
		};
		DE21770D1D3D0A4B000C21B1 /* Sources */ = {
			isa = PBXSourcesBuildPhase;
			buildActionMask = 2147483647;
			files = (
				DE654D791D469A210046066C /* Constants.swift in Sources */,
				DE654D771D4699C70046066C /* Installer.swift in Sources */,
				DE654D751D4699B90046066C /* InstallData.c in Sources */,
				DE654D781D469A170046066C /* main.swift in Sources */,
				DE654D761D4699C30046066C /* ConfigFile.swift in Sources */,
			);
			runOnlyForDeploymentPostprocessing = 0;
		};
		DE9F8EF71D353BFB006F9B9D /* Sources */ = {
			isa = PBXSourcesBuildPhase;
			buildActionMask = 2147483647;
			files = (
				DE7D5BC01D4280DD00888821 /* AppHandlers.swift in Sources */,
				DE7D5BC11D4280E100888821 /* Logger.swift in Sources */,
			);
			runOnlyForDeploymentPostprocessing = 0;
		};
		DEA356E81D34EFB600BE6E8E /* Sources */ = {
			isa = PBXSourcesBuildPhase;
			buildActionMask = 2147483647;
			files = (
				DEE47AFE1D3A6A1500D55F92 /* TestHandler.swift in Sources */,
			);
			runOnlyForDeploymentPostprocessing = 0;
		};
		DEC3E5A71D3579CA00FB1662 /* Sources */ = {
			isa = PBXSourcesBuildPhase;
			buildActionMask = 2147483647;
			files = (
				DEB8433D1D452BDA00E1AE5B /* MenuWidget.swift in Sources */,
				DEB843411D4530CA00E1AE5B /* InputPopupWidget.swift in Sources */,
				DEB8433F1D452EC600E1AE5B /* ModulesWidget.swift in Sources */,
				DE1338E21D359886002E109B /* GUITypes.swift in Sources */,
				DEB8433C1D452A4600E1AE5B /* AppInfoWidget.swift in Sources */,
				DEB8433E1D452DCA00E1AE5B /* PopupWidget.swift in Sources */,
				DEB843401D45309F00E1AE5B /* BackgroundWidget.swift in Sources */,
				DE7D5BC51D42860900888821 /* TitleAndFooterWidget.swift in Sources */,
			);
			runOnlyForDeploymentPostprocessing = 0;
		};
/* End PBXSourcesBuildPhase section */

/* Begin PBXTargetDependency section */
		DE8EC3481D3D19D600C4F522 /* PBXTargetDependency */ = {
			isa = PBXTargetDependency;
			target = DEC3E5AB1D3579CA00FB1662 /* IOGUI */;
			targetProxy = DE8EC3471D3D19D600C4F522 /* PBXContainerItemProxy */;
		};
		DE9F8F171D353C33006F9B9D /* PBXTargetDependency */ = {
			isa = PBXTargetDependency;
			target = DE9F8EFB1D353BFB006F9B9D /* IORunnerExtension */;
			targetProxy = DE9F8F161D353C33006F9B9D /* PBXContainerItemProxy */;
		};
		DEA356CC1D34D69600BE6E8E /* PBXTargetDependency */ = {
			isa = PBXTargetDependency;
			target = "______Target_ini" /* IOIni */;
			targetProxy = DEA356CB1D34D69600BE6E8E /* PBXContainerItemProxy */;
		};
		DEC3E5C21D357C2400FB1662 /* PBXTargetDependency */ = {
			isa = PBXTargetDependency;
			target = DEC3E5AB1D3579CA00FB1662 /* IOGUI */;
			targetProxy = DEC3E5C11D357C2400FB1662 /* PBXContainerItemProxy */;
		};
/* End PBXTargetDependency section */

/* Begin XCBuildConfiguration section */
		DE2177151D3D0A4B000C21B1 /* Release */ = {
			isa = XCBuildConfiguration;
			baseConfigurationReference = DE5ECB631D423F3600C06781 /* Project.xcconfig */;
			buildSettings = {
				ALWAYS_SEARCH_USER_PATHS = NO;
				CLANG_ANALYZER_NONNULL = YES;
				CLANG_CXX_LANGUAGE_STANDARD = "gnu++0x";
				CLANG_CXX_LIBRARY = "libc++";
				CLANG_ENABLE_MODULES = YES;
				CLANG_ENABLE_OBJC_ARC = YES;
				CLANG_WARN_BOOL_CONVERSION = YES;
				CLANG_WARN_CONSTANT_CONVERSION = YES;
				CLANG_WARN_DIRECT_OBJC_ISA_USAGE = YES_ERROR;
				CLANG_WARN_DOCUMENTATION_COMMENTS = YES;
				CLANG_WARN_EMPTY_BODY = YES;
				CLANG_WARN_ENUM_CONVERSION = YES;
				CLANG_WARN_INT_CONVERSION = YES;
				CLANG_WARN_OBJC_ROOT_CLASS = YES_ERROR;
				CLANG_WARN_UNREACHABLE_CODE = YES;
				CLANG_WARN__DUPLICATE_METHOD_MATCH = YES;
				CODE_SIGN_IDENTITY = "-";
				COPY_PHASE_STRIP = NO;
				DEBUG_INFORMATION_FORMAT = "dwarf-with-dsym";
				ENABLE_NS_ASSERTIONS = NO;
				ENABLE_STRICT_OBJC_MSGSEND = YES;
				GCC_C_LANGUAGE_STANDARD = gnu99;
				GCC_NO_COMMON_BLOCKS = YES;
				GCC_PREPROCESSOR_DEFINITIONS = "";
				GCC_WARN_64_TO_32_BIT_CONVERSION = YES;
				GCC_WARN_ABOUT_RETURN_TYPE = YES_ERROR;
				GCC_WARN_UNDECLARED_SELECTOR = YES;
				GCC_WARN_UNINITIALIZED_AUTOS = YES_AGGRESSIVE;
				GCC_WARN_UNUSED_FUNCTION = YES;
				GCC_WARN_UNUSED_VARIABLE = YES;
				LD_GENERATE_MAP_FILE = YES;
				LD_RUNPATH_SEARCH_PATHS = "$(TOOLCHAIN_DIR)/usr/lib/swift/macosx @executable_path";
				LIBRARY_SEARCH_PATHS = (
					"$(inherited)",
					"$(PROJECT_DIR)/IOProcessCheckerInstaller",
					"$(PROJECT_DIR)/IORunnerInstaller",
				);
				MACOSX_DEPLOYMENT_TARGET = 10.10;
				MTL_ENABLE_DEBUG_INFO = NO;
				PRODUCT_NAME = "$(TARGET_NAME)";
				SDKROOT = "";
				SWIFT_OBJC_BRIDGING_HEADER = "IORunnerInstaller/IORunnerInstaller-Bridging-Header.h";
			};
			name = Release;
		};
		DE2177161D3D0A4B000C21B1 /* Debug */ = {
			isa = XCBuildConfiguration;
			baseConfigurationReference = DE5ECB631D423F3600C06781 /* Project.xcconfig */;
			buildSettings = {
				ALWAYS_SEARCH_USER_PATHS = NO;
				CLANG_ANALYZER_NONNULL = YES;
				CLANG_CXX_LANGUAGE_STANDARD = "gnu++0x";
				CLANG_CXX_LIBRARY = "libc++";
				CLANG_ENABLE_MODULES = YES;
				CLANG_ENABLE_OBJC_ARC = YES;
				CLANG_WARN_BOOL_CONVERSION = YES;
				CLANG_WARN_CONSTANT_CONVERSION = YES;
				CLANG_WARN_DIRECT_OBJC_ISA_USAGE = YES_ERROR;
				CLANG_WARN_DOCUMENTATION_COMMENTS = YES;
				CLANG_WARN_EMPTY_BODY = YES;
				CLANG_WARN_ENUM_CONVERSION = YES;
				CLANG_WARN_INT_CONVERSION = YES;
				CLANG_WARN_OBJC_ROOT_CLASS = YES_ERROR;
				CLANG_WARN_UNREACHABLE_CODE = YES;
				CLANG_WARN__DUPLICATE_METHOD_MATCH = YES;
				CODE_SIGN_IDENTITY = "-";
				COPY_PHASE_STRIP = NO;
				DEBUG_INFORMATION_FORMAT = dwarf;
				ENABLE_STRICT_OBJC_MSGSEND = YES;
				ENABLE_TESTABILITY = YES;
				GCC_C_LANGUAGE_STANDARD = gnu99;
				GCC_DYNAMIC_NO_PIC = NO;
				GCC_NO_COMMON_BLOCKS = YES;
				GCC_OPTIMIZATION_LEVEL = 0;
				GCC_PREPROCESSOR_DEFINITIONS = (
					"DEBUG=1",
					"$(inherited)",
				);
				GCC_WARN_64_TO_32_BIT_CONVERSION = YES;
				GCC_WARN_ABOUT_RETURN_TYPE = YES_ERROR;
				GCC_WARN_UNDECLARED_SELECTOR = YES;
				GCC_WARN_UNINITIALIZED_AUTOS = YES_AGGRESSIVE;
				GCC_WARN_UNUSED_FUNCTION = YES;
				GCC_WARN_UNUSED_VARIABLE = YES;
				LD_GENERATE_MAP_FILE = YES;
				LD_RUNPATH_SEARCH_PATHS = "$(TOOLCHAIN_DIR)/usr/lib/swift/macosx @executable_path";
				LIBRARY_SEARCH_PATHS = (
					"$(inherited)",
					"$(PROJECT_DIR)/IOProcessCheckerInstaller",
					"$(PROJECT_DIR)/IORunnerInstaller",
				);
				MACOSX_DEPLOYMENT_TARGET = 10.10;
				MTL_ENABLE_DEBUG_INFO = YES;
				ONLY_ACTIVE_ARCH = YES;
				PRODUCT_NAME = "$(TARGET_NAME)";
				SDKROOT = "";
				SWIFT_OBJC_BRIDGING_HEADER = "IORunnerInstaller/IORunnerInstaller-Bridging-Header.h";
				SWIFT_OPTIMIZATION_LEVEL = "-Onone";
			};
			name = Debug;
		};
		DE9F8F0E1D353BFB006F9B9D /* Release */ = {
			isa = XCBuildConfiguration;
			baseConfigurationReference = DE5ECB631D423F3600C06781 /* Project.xcconfig */;
			buildSettings = {
				ALWAYS_SEARCH_USER_PATHS = NO;
				CLANG_ANALYZER_NONNULL = YES;
				CLANG_CXX_LANGUAGE_STANDARD = "gnu++0x";
				CLANG_CXX_LIBRARY = "libc++";
				CLANG_ENABLE_MODULES = YES;
				CLANG_ENABLE_OBJC_ARC = YES;
				CLANG_WARN_BOOL_CONVERSION = YES;
				CLANG_WARN_CONSTANT_CONVERSION = YES;
				CLANG_WARN_DIRECT_OBJC_ISA_USAGE = YES_ERROR;
				CLANG_WARN_DOCUMENTATION_COMMENTS = YES;
				CLANG_WARN_EMPTY_BODY = YES;
				CLANG_WARN_ENUM_CONVERSION = YES;
				CLANG_WARN_INT_CONVERSION = YES;
				CLANG_WARN_OBJC_ROOT_CLASS = YES_ERROR;
				CLANG_WARN_UNREACHABLE_CODE = YES;
				CLANG_WARN__DUPLICATE_METHOD_MATCH = YES;
				CODE_SIGN_IDENTITY = "";
				COMBINE_HIDPI_IMAGES = YES;
				COPY_PHASE_STRIP = NO;
				CURRENT_PROJECT_VERSION = 1;
				DEBUG_INFORMATION_FORMAT = "dwarf-with-dsym";
				DEFINES_MODULE = YES;
				DYLIB_COMPATIBILITY_VERSION = 1;
				DYLIB_CURRENT_VERSION = 1;
				DYLIB_INSTALL_NAME_BASE = "@rpath";
				ENABLE_NS_ASSERTIONS = NO;
				ENABLE_STRICT_OBJC_MSGSEND = YES;
				FRAMEWORK_SEARCH_PATHS = "$(inherited)";
				FRAMEWORK_VERSION = A;
				GCC_C_LANGUAGE_STANDARD = gnu99;
				GCC_NO_COMMON_BLOCKS = YES;
				GCC_WARN_64_TO_32_BIT_CONVERSION = YES;
				GCC_WARN_ABOUT_RETURN_TYPE = YES_ERROR;
				GCC_WARN_UNDECLARED_SELECTOR = YES;
				GCC_WARN_UNINITIALIZED_AUTOS = YES_AGGRESSIVE;
				GCC_WARN_UNUSED_FUNCTION = YES;
				GCC_WARN_UNUSED_VARIABLE = YES;
				INFOPLIST_FILE = "";
				INSTALL_PATH = "$(LOCAL_LIBRARY_DIR)/Frameworks";
				LD_RUNPATH_SEARCH_PATHS = "$(inherited) @executable_path/../Frameworks @loader_path/Frameworks";
				MACOSX_DEPLOYMENT_TARGET = 10.10;
				MTL_ENABLE_DEBUG_INFO = NO;
				PRODUCT_BUNDLE_IDENTIFIER = com.ilkerozcan.IORunnerExtensions;
				PRODUCT_NAME = "$(TARGET_NAME)";
				SDKROOT = "";
				SKIP_INSTALL = YES;
				SWIFT_OPTIMIZATION_LEVEL = "-Owholemodule";
				SWIFT_VERSION = 3.0;
				VERSIONING_SYSTEM = "apple-generic";
				VERSION_INFO_PREFIX = "";
			};
			name = Release;
		};
		DE9F8F0F1D353BFB006F9B9D /* Debug */ = {
			isa = XCBuildConfiguration;
			baseConfigurationReference = DE5ECB631D423F3600C06781 /* Project.xcconfig */;
			buildSettings = {
				ALWAYS_SEARCH_USER_PATHS = NO;
				CLANG_ANALYZER_NONNULL = YES;
				CLANG_CXX_LANGUAGE_STANDARD = "gnu++0x";
				CLANG_CXX_LIBRARY = "libc++";
				CLANG_ENABLE_MODULES = YES;
				CLANG_ENABLE_OBJC_ARC = YES;
				CLANG_WARN_BOOL_CONVERSION = YES;
				CLANG_WARN_CONSTANT_CONVERSION = YES;
				CLANG_WARN_DIRECT_OBJC_ISA_USAGE = YES_ERROR;
				CLANG_WARN_DOCUMENTATION_COMMENTS = YES;
				CLANG_WARN_EMPTY_BODY = YES;
				CLANG_WARN_ENUM_CONVERSION = YES;
				CLANG_WARN_INT_CONVERSION = YES;
				CLANG_WARN_OBJC_ROOT_CLASS = YES_ERROR;
				CLANG_WARN_UNREACHABLE_CODE = YES;
				CLANG_WARN__DUPLICATE_METHOD_MATCH = YES;
				CODE_SIGN_IDENTITY = "";
				COMBINE_HIDPI_IMAGES = YES;
				COPY_PHASE_STRIP = NO;
				CURRENT_PROJECT_VERSION = 1;
				DEBUG_INFORMATION_FORMAT = dwarf;
				DEFINES_MODULE = YES;
				DYLIB_COMPATIBILITY_VERSION = 1;
				DYLIB_CURRENT_VERSION = 1;
				DYLIB_INSTALL_NAME_BASE = "@rpath";
				ENABLE_STRICT_OBJC_MSGSEND = YES;
				ENABLE_TESTABILITY = YES;
				FRAMEWORK_SEARCH_PATHS = "$(inherited)";
				FRAMEWORK_VERSION = A;
				GCC_C_LANGUAGE_STANDARD = gnu99;
				GCC_DYNAMIC_NO_PIC = NO;
				GCC_NO_COMMON_BLOCKS = YES;
				GCC_OPTIMIZATION_LEVEL = 0;
				GCC_PREPROCESSOR_DEFINITIONS = (
					"DEBUG=1",
					"$(inherited)",
				);
				GCC_WARN_64_TO_32_BIT_CONVERSION = YES;
				GCC_WARN_ABOUT_RETURN_TYPE = YES_ERROR;
				GCC_WARN_UNDECLARED_SELECTOR = YES;
				GCC_WARN_UNINITIALIZED_AUTOS = YES_AGGRESSIVE;
				GCC_WARN_UNUSED_FUNCTION = YES;
				GCC_WARN_UNUSED_VARIABLE = YES;
				INFOPLIST_FILE = "";
				INSTALL_PATH = "$(LOCAL_LIBRARY_DIR)/Frameworks";
				LD_RUNPATH_SEARCH_PATHS = "$(inherited) @executable_path/../Frameworks @loader_path/Frameworks";
				MACOSX_DEPLOYMENT_TARGET = 10.10;
				MTL_ENABLE_DEBUG_INFO = YES;
				ONLY_ACTIVE_ARCH = NO;
				PRODUCT_BUNDLE_IDENTIFIER = com.ilkerozcan.IORunnerExtensions;
				PRODUCT_NAME = "$(TARGET_NAME)";
				SDKROOT = "";
				SKIP_INSTALL = YES;
				SWIFT_ACTIVE_COMPILATION_CONDITIONS = DEBUG;
				SWIFT_OPTIMIZATION_LEVEL = "-Onone";
				SWIFT_VERSION = 3.0;
				VERSIONING_SYSTEM = "apple-generic";
				VERSION_INFO_PREFIX = "";
			};
			name = Debug;
		};
		DEA356E21D34EEFE00BE6E8E /* Debug */ = {
			isa = XCBuildConfiguration;
			baseConfigurationReference = DE5ECB631D423F3600C06781 /* Project.xcconfig */;
			buildSettings = {
				DEFINES_MODULE = YES;
				MACOSX_DEPLOYMENT_TARGET = 10.10;
			};
			name = Debug;
		};
		DEA356E31D34EEFE00BE6E8E /* Debug */ = {
			isa = XCBuildConfiguration;
			baseConfigurationReference = DE5ECB631D423F3600C06781 /* Project.xcconfig */;
			buildSettings = {
				CLANG_ENABLE_MODULES = YES;
				DEFINES_MODULE = YES;
				ENABLE_TESTABILITY = YES;
				INFOPLIST_FILE = "";
				LD_RUNPATH_SEARCH_PATHS = "$(TOOLCHAIN_DIR)/usr/lib/swift/macosx";
				LIBRARY_SEARCH_PATHS = (
					"$(inherited)",
					"$(PROJECT_DIR)/IORunnerInstaller",
				);
				OTHER_LDFLAGS = "$(inherited)";
				OTHER_SWIFT_FLAGS = "$(inherited)";
				PRODUCT_BUNDLE_IDENTIFIER = com.ilkerozcan.IOIni;
				PRODUCT_MODULE_NAME = "$(TARGET_NAME:c99extidentifier)";
				PRODUCT_NAME = "$(TARGET_NAME:c99extidentifier)";
				SWIFT_VERSION = 3.0;
			};
			name = Debug;
		};
		DEA356E41D34EEFE00BE6E8E /* Debug */ = {
			isa = XCBuildConfiguration;
			baseConfigurationReference = DE5ECB631D423F3600C06781 /* Project.xcconfig */;
			buildSettings = {
				ARCHS = "$(ARCHS_STANDARD)";
				CLANG_ENABLE_MODULES = YES;
				COPY_HEADERS_RUN_UNIFDEF = YES;
				DEBUG_INFORMATION_FORMAT = "dwarf-with-dsym";
				DEFINES_MODULE = YES;
				GCC_OPTIMIZATION_LEVEL = 0;
				LD_GENERATE_MAP_FILE = YES;
				LD_RUNPATH_SEARCH_PATHS = "$(TOOLCHAIN_DIR)/usr/lib/swift/macosx @executable_path";
				OTHER_LDFLAGS = "$(inherited)";
				OTHER_SWIFT_FLAGS = "$(inherited) -DMAC_OSX";
				PRODUCT_NAME = IORunner;
				SCAN_ALL_SOURCE_FILES_FOR_INCLUDES = NO;
				SUPPORTED_PLATFORMS = macosx;
				SWIFT_FORCE_DYNAMIC_LINK_STDLIB = YES;
				SWIFT_FORCE_STATIC_LINK_STDLIB = NO;
				SWIFT_INCLUDE_PATHS = "";
				SWIFT_OPTIMIZATION_LEVEL = "-Onone";
				SWIFT_VERSION = 3.0;
				USE_HEADERMAP = NO;
				VALID_ARCHS = "i386 x86_64";
			};
			name = Debug;
		};
		DEA356EE1D34EFB600BE6E8E /* Release */ = {
			isa = XCBuildConfiguration;
			baseConfigurationReference = DE5ECB631D423F3600C06781 /* Project.xcconfig */;
			buildSettings = {
				ALWAYS_SEARCH_USER_PATHS = NO;
				ARCHS = "$(ARCHS_STANDARD)";
				CLANG_ANALYZER_NONNULL = YES;
				CLANG_CXX_LANGUAGE_STANDARD = "gnu++0x";
				CLANG_CXX_LIBRARY = "libc++";
				CLANG_ENABLE_MODULES = YES;
				CLANG_ENABLE_OBJC_ARC = YES;
				CLANG_WARN_BOOL_CONVERSION = YES;
				CLANG_WARN_CONSTANT_CONVERSION = YES;
				CLANG_WARN_DIRECT_OBJC_ISA_USAGE = YES_ERROR;
				CLANG_WARN_DOCUMENTATION_COMMENTS = YES;
				CLANG_WARN_EMPTY_BODY = YES;
				CLANG_WARN_ENUM_CONVERSION = YES;
				CLANG_WARN_INT_CONVERSION = YES;
				CLANG_WARN_OBJC_ROOT_CLASS = YES_ERROR;
				CLANG_WARN_UNREACHABLE_CODE = YES;
				CLANG_WARN__DUPLICATE_METHOD_MATCH = YES;
				CODE_SIGN_IDENTITY = "";
				COPY_PHASE_STRIP = NO;
				DEBUG_INFORMATION_FORMAT = "dwarf-with-dsym";
				DEFINES_MODULE = YES;
				DYLIB_COMPATIBILITY_VERSION = 1;
				DYLIB_CURRENT_VERSION = 1;
				ENABLE_NS_ASSERTIONS = NO;
				ENABLE_STRICT_OBJC_MSGSEND = YES;
				EXECUTABLE_PREFIX = lib;
				GCC_C_LANGUAGE_STANDARD = gnu99;
				GCC_NO_COMMON_BLOCKS = YES;
				GCC_OPTIMIZATION_LEVEL = s;
				GCC_WARN_64_TO_32_BIT_CONVERSION = YES;
				GCC_WARN_ABOUT_RETURN_TYPE = YES_ERROR;
				GCC_WARN_UNDECLARED_SELECTOR = YES;
				GCC_WARN_UNINITIALIZED_AUTOS = YES_AGGRESSIVE;
				GCC_WARN_UNUSED_FUNCTION = YES;
				GCC_WARN_UNUSED_VARIABLE = YES;
				MACOSX_DEPLOYMENT_TARGET = 10.10;
				MTL_ENABLE_DEBUG_INFO = NO;
				PRODUCT_NAME = "$(TARGET_NAME)";
				SDKROOT = "";
				SWIFT_INCLUDE_PATHS = "";
				SWIFT_OPTIMIZATION_LEVEL = "-Owholemodule";
			};
			name = Release;
		};
		DEA356EF1D34EFB600BE6E8E /* Debug */ = {
			isa = XCBuildConfiguration;
			baseConfigurationReference = DE5ECB631D423F3600C06781 /* Project.xcconfig */;
			buildSettings = {
				ALWAYS_SEARCH_USER_PATHS = NO;
				ARCHS = "$(ARCHS_STANDARD)";
				CLANG_ANALYZER_NONNULL = YES;
				CLANG_CXX_LANGUAGE_STANDARD = "gnu++0x";
				CLANG_CXX_LIBRARY = "libc++";
				CLANG_ENABLE_MODULES = YES;
				CLANG_ENABLE_OBJC_ARC = YES;
				CLANG_WARN_BOOL_CONVERSION = YES;
				CLANG_WARN_CONSTANT_CONVERSION = YES;
				CLANG_WARN_DIRECT_OBJC_ISA_USAGE = YES_ERROR;
				CLANG_WARN_DOCUMENTATION_COMMENTS = YES;
				CLANG_WARN_EMPTY_BODY = YES;
				CLANG_WARN_ENUM_CONVERSION = YES;
				CLANG_WARN_INT_CONVERSION = YES;
				CLANG_WARN_OBJC_ROOT_CLASS = YES_ERROR;
				CLANG_WARN_UNREACHABLE_CODE = YES;
				CLANG_WARN__DUPLICATE_METHOD_MATCH = YES;
				CODE_SIGN_IDENTITY = "";
				COPY_PHASE_STRIP = NO;
				DEBUG_INFORMATION_FORMAT = dwarf;
				DEFINES_MODULE = YES;
				DYLIB_COMPATIBILITY_VERSION = 1;
				DYLIB_CURRENT_VERSION = 1;
				ENABLE_STRICT_OBJC_MSGSEND = YES;
				ENABLE_TESTABILITY = YES;
				EXECUTABLE_PREFIX = lib;
				GCC_C_LANGUAGE_STANDARD = gnu99;
				GCC_DYNAMIC_NO_PIC = NO;
				GCC_NO_COMMON_BLOCKS = YES;
				GCC_OPTIMIZATION_LEVEL = 0;
				GCC_PREPROCESSOR_DEFINITIONS = (
					"DEBUG=1",
					"$(inherited)",
				);
				GCC_WARN_64_TO_32_BIT_CONVERSION = YES;
				GCC_WARN_ABOUT_RETURN_TYPE = YES_ERROR;
				GCC_WARN_UNDECLARED_SELECTOR = YES;
				GCC_WARN_UNINITIALIZED_AUTOS = YES_AGGRESSIVE;
				GCC_WARN_UNUSED_FUNCTION = YES;
				GCC_WARN_UNUSED_VARIABLE = YES;
				MACOSX_DEPLOYMENT_TARGET = 10.10;
				MTL_ENABLE_DEBUG_INFO = YES;
				ONLY_ACTIVE_ARCH = NO;
				PRODUCT_NAME = "$(TARGET_NAME)";
				SDKROOT = "";
				SWIFT_INCLUDE_PATHS = "";
				SWIFT_OPTIMIZATION_LEVEL = "-Onone";
			};
			name = Debug;
		};
		DEC3E5B21D3579CA00FB1662 /* Release */ = {
			isa = XCBuildConfiguration;
			baseConfigurationReference = DE5ECB631D423F3600C06781 /* Project.xcconfig */;
			buildSettings = {
				ALWAYS_EMBED_SWIFT_STANDARD_LIBRARIES = NO;
				ALWAYS_SEARCH_USER_PATHS = NO;
				CLANG_ALLOW_NON_MODULAR_INCLUDES_IN_FRAMEWORK_MODULES = YES;
				CLANG_ANALYZER_NONNULL = YES;
				CLANG_CXX_LANGUAGE_STANDARD = "gnu++0x";
				CLANG_CXX_LIBRARY = "libc++";
				CLANG_ENABLE_MODULES = YES;
				CLANG_ENABLE_OBJC_ARC = YES;
				CLANG_WARN_BOOL_CONVERSION = YES;
				CLANG_WARN_CONSTANT_CONVERSION = YES;
				CLANG_WARN_DIRECT_OBJC_ISA_USAGE = YES_ERROR;
				CLANG_WARN_DOCUMENTATION_COMMENTS = YES;
				CLANG_WARN_EMPTY_BODY = YES;
				CLANG_WARN_ENUM_CONVERSION = YES;
				CLANG_WARN_INT_CONVERSION = YES;
				CLANG_WARN_OBJC_ROOT_CLASS = YES_ERROR;
				CLANG_WARN_UNREACHABLE_CODE = YES;
				CLANG_WARN__DUPLICATE_METHOD_MATCH = YES;
				CODE_SIGN_IDENTITY = "";
				COMBINE_HIDPI_IMAGES = YES;
				COPY_HEADERS_RUN_UNIFDEF = NO;
				COPY_PHASE_STRIP = NO;
				CURRENT_PROJECT_VERSION = 1;
				DEBUG_INFORMATION_FORMAT = "dwarf-with-dsym";
				DEFINES_MODULE = YES;
				DYLIB_COMPATIBILITY_VERSION = 1;
				DYLIB_CURRENT_VERSION = 1;
				DYLIB_INSTALL_NAME_BASE = "@rpath";
				ENABLE_NS_ASSERTIONS = NO;
				ENABLE_STRICT_OBJC_MSGSEND = YES;
				FRAMEWORK_VERSION = A;
				GCC_C_LANGUAGE_STANDARD = gnu99;
				GCC_NO_COMMON_BLOCKS = YES;
				GCC_WARN_64_TO_32_BIT_CONVERSION = YES;
				GCC_WARN_ABOUT_RETURN_TYPE = YES_ERROR;
				GCC_WARN_UNDECLARED_SELECTOR = YES;
				GCC_WARN_UNINITIALIZED_AUTOS = YES_AGGRESSIVE;
				GCC_WARN_UNUSED_FUNCTION = YES;
				GCC_WARN_UNUSED_VARIABLE = YES;
				INFOPLIST_FILE = "";
				INSTALL_PATH = "$(LOCAL_LIBRARY_DIR)/Frameworks";
				LD_RUNPATH_SEARCH_PATHS = "$(inherited) @executable_path/../Frameworks @loader_path/Frameworks";
				MACOSX_DEPLOYMENT_TARGET = 10.10;
				MODULEMAP_FILE = "";
				MODULEMAP_PRIVATE_FILE = "";
				MTL_ENABLE_DEBUG_INFO = NO;
				OTHER_LDFLAGS = "-lncurses";
				PRECOMPS_INCLUDE_HEADERS_FROM_BUILT_PRODUCTS_DIR = YES;
				PRODUCT_BUNDLE_IDENTIFIER = com.ilkerozcan.IOGUI;
				PRODUCT_NAME = "$(TARGET_NAME)";
				SDKROOT = "";
				SKIP_INSTALL = YES;
				SUPPORTED_PLATFORMS = macosx;
				SWIFT_INCLUDE_PATHS = "";
				SWIFT_INSTALL_OBJC_HEADER = YES;
				SWIFT_OBJC_BRIDGING_HEADER = "IOGUI/IOGUI-Bridging-Header.h";
				SWIFT_OPTIMIZATION_LEVEL = "-Owholemodule";
				SWIFT_VERSION = 3.0;
				USE_HEADERMAP = NO;
				VERSIONING_SYSTEM = "apple-generic";
				VERSION_INFO_PREFIX = "";
			};
			name = Release;
		};
		DEC3E5B31D3579CA00FB1662 /* Debug */ = {
			isa = XCBuildConfiguration;
			buildSettings = {
				ALWAYS_EMBED_SWIFT_STANDARD_LIBRARIES = NO;
				ALWAYS_SEARCH_USER_PATHS = NO;
				CLANG_ALLOW_NON_MODULAR_INCLUDES_IN_FRAMEWORK_MODULES = YES;
				CLANG_ANALYZER_NONNULL = YES;
				CLANG_CXX_LANGUAGE_STANDARD = "gnu++0x";
				CLANG_CXX_LIBRARY = "libc++";
				CLANG_ENABLE_MODULES = YES;
				CLANG_ENABLE_OBJC_ARC = YES;
				CLANG_WARN_BOOL_CONVERSION = YES;
				CLANG_WARN_CONSTANT_CONVERSION = YES;
				CLANG_WARN_DIRECT_OBJC_ISA_USAGE = YES_ERROR;
				CLANG_WARN_DOCUMENTATION_COMMENTS = YES;
				CLANG_WARN_EMPTY_BODY = YES;
				CLANG_WARN_ENUM_CONVERSION = YES;
				CLANG_WARN_INT_CONVERSION = YES;
				CLANG_WARN_OBJC_ROOT_CLASS = YES_ERROR;
				CLANG_WARN_UNREACHABLE_CODE = YES;
				CLANG_WARN__DUPLICATE_METHOD_MATCH = YES;
				CODE_SIGN_IDENTITY = "";
				COMBINE_HIDPI_IMAGES = YES;
				COPY_HEADERS_RUN_UNIFDEF = NO;
				COPY_PHASE_STRIP = NO;
				CURRENT_PROJECT_VERSION = 1;
				DEBUG_INFORMATION_FORMAT = dwarf;
				DEFINES_MODULE = YES;
				DYLIB_COMPATIBILITY_VERSION = 1;
				DYLIB_CURRENT_VERSION = 1;
				DYLIB_INSTALL_NAME_BASE = "@rpath";
				ENABLE_STRICT_OBJC_MSGSEND = YES;
				ENABLE_TESTABILITY = YES;
				FRAMEWORK_VERSION = A;
				GCC_C_LANGUAGE_STANDARD = gnu99;
				GCC_DYNAMIC_NO_PIC = NO;
				GCC_NO_COMMON_BLOCKS = YES;
				GCC_OPTIMIZATION_LEVEL = 0;
				GCC_PREPROCESSOR_DEFINITIONS = (
					"DEBUG=1",
					"$(inherited)",
				);
				GCC_WARN_64_TO_32_BIT_CONVERSION = YES;
				GCC_WARN_ABOUT_RETURN_TYPE = YES_ERROR;
				GCC_WARN_UNDECLARED_SELECTOR = YES;
				GCC_WARN_UNINITIALIZED_AUTOS = YES_AGGRESSIVE;
				GCC_WARN_UNUSED_FUNCTION = YES;
				GCC_WARN_UNUSED_VARIABLE = YES;
				INFOPLIST_FILE = "";
				INSTALL_PATH = "$(LOCAL_LIBRARY_DIR)/Frameworks";
				LD_RUNPATH_SEARCH_PATHS = "$(inherited) @executable_path/../Frameworks @loader_path/Frameworks";
				MACOSX_DEPLOYMENT_TARGET = 10.10;
				MODULEMAP_FILE = "";
				MODULEMAP_PRIVATE_FILE = "";
				MTL_ENABLE_DEBUG_INFO = YES;
				ONLY_ACTIVE_ARCH = NO;
				OTHER_LDFLAGS = "-lncurses";
				PRECOMPS_INCLUDE_HEADERS_FROM_BUILT_PRODUCTS_DIR = YES;
				PRODUCT_BUNDLE_IDENTIFIER = com.ilkerozcan.IOGUI;
				PRODUCT_NAME = "$(TARGET_NAME)";
				SDKROOT = "";
				SKIP_INSTALL = YES;
				SUPPORTED_PLATFORMS = macosx;
				SWIFT_ACTIVE_COMPILATION_CONDITIONS = DEBUG;
				SWIFT_INCLUDE_PATHS = "";
				SWIFT_INSTALL_OBJC_HEADER = YES;
				SWIFT_OBJC_BRIDGING_HEADER = "IOGUI/IOGUI-Bridging-Header.h";
				SWIFT_OPTIMIZATION_LEVEL = "-Onone";
				SWIFT_VERSION = 3.0;
				USE_HEADERMAP = NO;
				VERSIONING_SYSTEM = "apple-generic";
				VERSION_INFO_PREFIX = "";
			};
			name = Debug;
		};
		_ReleaseConf_BouncyProcessChecker /* Release */ = {
			isa = XCBuildConfiguration;
			baseConfigurationReference = DE5ECB631D423F3600C06781 /* Project.xcconfig */;
			buildSettings = {
				ARCHS = "$(ARCHS_STANDARD)";
				CLANG_ENABLE_MODULES = YES;
				COPY_HEADERS_RUN_UNIFDEF = YES;
				DEBUG_INFORMATION_FORMAT = "dwarf-with-dsym";
				DEFINES_MODULE = YES;
				GCC_OPTIMIZATION_LEVEL = s;
				LD_GENERATE_MAP_FILE = YES;
				LD_RUNPATH_SEARCH_PATHS = "$(TOOLCHAIN_DIR)/usr/lib/swift/macosx @executable_path";
				OTHER_LDFLAGS = "$(inherited)";
				OTHER_SWIFT_FLAGS = "$(inherited) -DMAC_OSX";
				PRODUCT_NAME = IORunner;
				SCAN_ALL_SOURCE_FILES_FOR_INCLUDES = NO;
				SUPPORTED_PLATFORMS = macosx;
				SWIFT_FORCE_DYNAMIC_LINK_STDLIB = YES;
				SWIFT_FORCE_STATIC_LINK_STDLIB = NO;
				SWIFT_INCLUDE_PATHS = "";
				SWIFT_OPTIMIZATION_LEVEL = "-Owholemodule";
				SWIFT_VERSION = 3.0;
				USE_HEADERMAP = NO;
				VALID_ARCHS = "i386 x86_64";
			};
			name = Release;
		};
		_ReleaseConf_ini /* Release */ = {
			isa = XCBuildConfiguration;
			baseConfigurationReference = DE5ECB631D423F3600C06781 /* Project.xcconfig */;
			buildSettings = {
				CLANG_ENABLE_MODULES = YES;
				DEFINES_MODULE = YES;
				ENABLE_TESTABILITY = YES;
				INFOPLIST_FILE = "";
				LD_RUNPATH_SEARCH_PATHS = "$(TOOLCHAIN_DIR)/usr/lib/swift/macosx";
				LIBRARY_SEARCH_PATHS = (
					"$(inherited)",
					"$(PROJECT_DIR)/IORunnerInstaller",
				);
				OTHER_LDFLAGS = "$(inherited)";
				OTHER_SWIFT_FLAGS = "$(inherited)";
				PRODUCT_BUNDLE_IDENTIFIER = com.ilkerozcan.IOIni;
				PRODUCT_MODULE_NAME = "$(TARGET_NAME:c99extidentifier)";
				PRODUCT_NAME = "$(TARGET_NAME:c99extidentifier)";
				SWIFT_VERSION = 3.0;
			};
			name = Release;
		};
		"_____Release_" /* Release */ = {
			isa = XCBuildConfiguration;
			baseConfigurationReference = DE5ECB631D423F3600C06781 /* Project.xcconfig */;
			buildSettings = {
				DEFINES_MODULE = YES;
				MACOSX_DEPLOYMENT_TARGET = 10.10;
			};
			name = Release;
		};
/* End XCBuildConfiguration section */

/* Begin XCConfigurationList section */
		DE2177171D3D0A4B000C21B1 /* Build configuration list for PBXNativeTarget "IORunnerInstaller" */ = {
			isa = XCConfigurationList;
			buildConfigurations = (
				DE2177151D3D0A4B000C21B1 /* Release */,
				DE2177161D3D0A4B000C21B1 /* Debug */,
			);
			defaultConfigurationIsVisible = 0;
			defaultConfigurationName = Release;
		};
		DE9F8F0D1D353BFB006F9B9D /* Build configuration list for PBXNativeTarget "IORunnerExtension" */ = {
			isa = XCConfigurationList;
			buildConfigurations = (
				DE9F8F0E1D353BFB006F9B9D /* Release */,
				DE9F8F0F1D353BFB006F9B9D /* Debug */,
			);
			defaultConfigurationIsVisible = 0;
			defaultConfigurationName = Release;
		};
		DEA356ED1D34EFB600BE6E8E /* Build configuration list for PBXNativeTarget "TestHandler" */ = {
			isa = XCConfigurationList;
			buildConfigurations = (
				DEA356EE1D34EFB600BE6E8E /* Release */,
				DEA356EF1D34EFB600BE6E8E /* Debug */,
			);
			defaultConfigurationIsVisible = 0;
			defaultConfigurationName = Release;
		};
		DEC3E5B11D3579CA00FB1662 /* Build configuration list for PBXNativeTarget "IOGUI" */ = {
			isa = XCConfigurationList;
			buildConfigurations = (
				DEC3E5B21D3579CA00FB1662 /* Release */,
				DEC3E5B31D3579CA00FB1662 /* Debug */,
			);
			defaultConfigurationIsVisible = 0;
			defaultConfigurationName = Release;
		};
		"___RootConfs_" /* Build configuration list for PBXProject "IORunner" */ = {
			isa = XCConfigurationList;
			buildConfigurations = (
				"_____Release_" /* Release */,
				DEA356E21D34EEFE00BE6E8E /* Debug */,
			);
			defaultConfigurationIsVisible = 0;
			defaultConfigurationName = Release;
		};
		"_______Confs_BouncyProcessChecker" /* Build configuration list for PBXNativeTarget "IORunner" */ = {
			isa = XCConfigurationList;
			buildConfigurations = (
				_ReleaseConf_BouncyProcessChecker /* Release */,
				DEA356E41D34EEFE00BE6E8E /* Debug */,
			);
			defaultConfigurationIsVisible = 0;
			defaultConfigurationName = Release;
		};
		"_______Confs_ini" /* Build configuration list for PBXNativeTarget "IOIni" */ = {
			isa = XCConfigurationList;
			buildConfigurations = (
				_ReleaseConf_ini /* Release */,
				DEA356E31D34EEFE00BE6E8E /* Debug */,
			);
			defaultConfigurationIsVisible = 0;
			defaultConfigurationName = Release;
		};
/* End XCConfigurationList section */
	};
	rootObject = __RootObject_ /* Project object */;
}
